// !$*UTF8*$!
{
	archiveVersion = 1;
	classes = {
	};
	objectVersion = 77;
	objects = {

/* Begin PBXBuildFile section */
		70502B4C2DD78914009E1AC0 /* FirebaseAuth in Frameworks */ = {isa = PBXBuildFile; productRef = 70502B4B2DD78914009E1AC0 /* FirebaseAuth */; };
		70502B4E2DD78914009E1AC0 /* FirebaseCore in Frameworks */ = {isa = PBXBuildFile; productRef = 70502B4D2DD78914009E1AC0 /* FirebaseCore */; };
		70502B502DD78914009E1AC0 /* FirebaseDatabase in Frameworks */ = {isa = PBXBuildFile; productRef = 70502B4F2DD78914009E1AC0 /* FirebaseDatabase */; };
		70502B522DD78914009E1AC0 /* FirebaseFirestore in Frameworks */ = {isa = PBXBuildFile; productRef = 70502B512DD78914009E1AC0 /* FirebaseFirestore */; };
/* End PBXBuildFile section */

/* Begin PBXContainerItemProxy section */
		B4C791782DD4A3770086BE80 /* PBXContainerItemProxy */ = {
			isa = PBXContainerItemProxy;
			containerPortal = B4C7915E2DD4A3760086BE80 /* Project object */;
			proxyType = 1;
			remoteGlobalIDString = B4C791652DD4A3760086BE80;
			remoteInfo = MojiMatch;
		};
		B4C791822DD4A3770086BE80 /* PBXContainerItemProxy */ = {
			isa = PBXContainerItemProxy;
			containerPortal = B4C7915E2DD4A3760086BE80 /* Project object */;
			proxyType = 1;
			remoteGlobalIDString = B4C791652DD4A3760086BE80;
			remoteInfo = MojiMatch;
		};
/* End PBXContainerItemProxy section */

/* Begin PBXFileReference section */
		B4C791662DD4A3760086BE80 /* MojiMatch.app */ = {isa = PBXFileReference; explicitFileType = wrapper.application; includeInIndex = 0; path = MojiMatch.app; sourceTree = BUILT_PRODUCTS_DIR; };
		B4C791772DD4A3770086BE80 /* MojiMatchTests.xctest */ = {isa = PBXFileReference; explicitFileType = wrapper.cfbundle; includeInIndex = 0; path = MojiMatchTests.xctest; sourceTree = BUILT_PRODUCTS_DIR; };
		B4C791812DD4A3770086BE80 /* MojiMatchUITests.xctest */ = {isa = PBXFileReference; explicitFileType = wrapper.cfbundle; includeInIndex = 0; path = MojiMatchUITests.xctest; sourceTree = BUILT_PRODUCTS_DIR; };
/* End PBXFileReference section */

/* Begin PBXFileSystemSynchronizedRootGroup section */
		B4C791682DD4A3760086BE80 /* MojiMatch */ = {
			isa = PBXFileSystemSynchronizedRootGroup;
			path = MojiMatch;
			sourceTree = "<group>";
		};
		B4C7917A2DD4A3770086BE80 /* MojiMatchTests */ = {
			isa = PBXFileSystemSynchronizedRootGroup;
			path = MojiMatchTests;
			sourceTree = "<group>";
		};
		B4C791842DD4A3770086BE80 /* MojiMatchUITests */ = {
			isa = PBXFileSystemSynchronizedRootGroup;
			path = MojiMatchUITests;
			sourceTree = "<group>";
		};
/* End PBXFileSystemSynchronizedRootGroup section */

/* Begin PBXFrameworksBuildPhase section */
		B4C791632DD4A3760086BE80 /* Frameworks */ = {
			isa = PBXFrameworksBuildPhase;
			buildActionMask = 2147483647;
			files = (
				70502B502DD78914009E1AC0 /* FirebaseDatabase in Frameworks */,
				70502B522DD78914009E1AC0 /* FirebaseFirestore in Frameworks */,
				70502B4E2DD78914009E1AC0 /* FirebaseCore in Frameworks */,
				70502B4C2DD78914009E1AC0 /* FirebaseAuth in Frameworks */,
			);
			runOnlyForDeploymentPostprocessing = 0;
		};
		B4C791742DD4A3770086BE80 /* Frameworks */ = {
			isa = PBXFrameworksBuildPhase;
			buildActionMask = 2147483647;
			files = (
			);
			runOnlyForDeploymentPostprocessing = 0;
		};
		B4C7917E2DD4A3770086BE80 /* Frameworks */ = {
			isa = PBXFrameworksBuildPhase;
			buildActionMask = 2147483647;
			files = (
			);
			runOnlyForDeploymentPostprocessing = 0;
		};
/* End PBXFrameworksBuildPhase section */

/* Begin PBXGroup section */
		B4C7915D2DD4A3760086BE80 = {
			isa = PBXGroup;
			children = (
				B4C791682DD4A3760086BE80 /* MojiMatch */,
				B4C7917A2DD4A3770086BE80 /* MojiMatchTests */,
				B4C791842DD4A3770086BE80 /* MojiMatchUITests */,
				B4C791672DD4A3760086BE80 /* Products */,
			);
			sourceTree = "<group>";
		};
		B4C791672DD4A3760086BE80 /* Products */ = {
			isa = PBXGroup;
			children = (
				B4C791662DD4A3760086BE80 /* MojiMatch.app */,
				B4C791772DD4A3770086BE80 /* MojiMatchTests.xctest */,
				B4C791812DD4A3770086BE80 /* MojiMatchUITests.xctest */,
			);
			name = Products;
			sourceTree = "<group>";
		};
/* End PBXGroup section */

/* Begin PBXNativeTarget section */
		B4C791652DD4A3760086BE80 /* MojiMatch */ = {
			isa = PBXNativeTarget;
			buildConfigurationList = B4C7918B2DD4A3770086BE80 /* Build configuration list for PBXNativeTarget "MojiMatch" */;
			buildPhases = (
				B4C791622DD4A3760086BE80 /* Sources */,
				B4C791632DD4A3760086BE80 /* Frameworks */,
				B4C791642DD4A3760086BE80 /* Resources */,
			);
			buildRules = (
			);
			dependencies = (
			);
			fileSystemSynchronizedGroups = (
				B4C791682DD4A3760086BE80 /* MojiMatch */,
			);
			name = MojiMatch;
			packageProductDependencies = (
				70502B4B2DD78914009E1AC0 /* FirebaseAuth */,
				70502B4D2DD78914009E1AC0 /* FirebaseCore */,
				70502B4F2DD78914009E1AC0 /* FirebaseDatabase */,
				70502B512DD78914009E1AC0 /* FirebaseFirestore */,
			);
			productName = MojiMatch;
			productReference = B4C791662DD4A3760086BE80 /* MojiMatch.app */;
			productType = "com.apple.product-type.application";
		};
		B4C791762DD4A3770086BE80 /* MojiMatchTests */ = {
			isa = PBXNativeTarget;
			buildConfigurationList = B4C7918E2DD4A3770086BE80 /* Build configuration list for PBXNativeTarget "MojiMatchTests" */;
			buildPhases = (
				B4C791732DD4A3770086BE80 /* Sources */,
				B4C791742DD4A3770086BE80 /* Frameworks */,
				B4C791752DD4A3770086BE80 /* Resources */,
			);
			buildRules = (
			);
			dependencies = (
				B4C791792DD4A3770086BE80 /* PBXTargetDependency */,
			);
			fileSystemSynchronizedGroups = (
				B4C7917A2DD4A3770086BE80 /* MojiMatchTests */,
			);
			name = MojiMatchTests;
			packageProductDependencies = (
			);
			productName = MojiMatchTests;
			productReference = B4C791772DD4A3770086BE80 /* MojiMatchTests.xctest */;
			productType = "com.apple.product-type.bundle.unit-test";
		};
		B4C791802DD4A3770086BE80 /* MojiMatchUITests */ = {
			isa = PBXNativeTarget;
			buildConfigurationList = B4C791912DD4A3770086BE80 /* Build configuration list for PBXNativeTarget "MojiMatchUITests" */;
			buildPhases = (
				B4C7917D2DD4A3770086BE80 /* Sources */,
				B4C7917E2DD4A3770086BE80 /* Frameworks */,
				B4C7917F2DD4A3770086BE80 /* Resources */,
			);
			buildRules = (
			);
			dependencies = (
				B4C791832DD4A3770086BE80 /* PBXTargetDependency */,
			);
			fileSystemSynchronizedGroups = (
				B4C791842DD4A3770086BE80 /* MojiMatchUITests */,
			);
			name = MojiMatchUITests;
			packageProductDependencies = (
			);
			productName = MojiMatchUITests;
			productReference = B4C791812DD4A3770086BE80 /* MojiMatchUITests.xctest */;
			productType = "com.apple.product-type.bundle.ui-testing";
		};
/* End PBXNativeTarget section */

/* Begin PBXProject section */
		B4C7915E2DD4A3760086BE80 /* Project object */ = {
			isa = PBXProject;
			attributes = {
				BuildIndependentTargetsInParallel = 1;
				LastSwiftUpdateCheck = 1620;
				LastUpgradeCheck = 1620;
				TargetAttributes = {
					B4C791652DD4A3760086BE80 = {
						CreatedOnToolsVersion = 16.2;
					};
					B4C791762DD4A3770086BE80 = {
						CreatedOnToolsVersion = 16.2;
						TestTargetID = B4C791652DD4A3760086BE80;
					};
					B4C791802DD4A3770086BE80 = {
						CreatedOnToolsVersion = 16.2;
						TestTargetID = B4C791652DD4A3760086BE80;
					};
				};
			};
			buildConfigurationList = B4C791612DD4A3760086BE80 /* Build configuration list for PBXProject "MojiMatch" */;
			developmentRegion = en;
			hasScannedForEncodings = 0;
			knownRegions = (
				en,
				Base,
			);
			mainGroup = B4C7915D2DD4A3760086BE80;
			minimizedProjectReferenceProxies = 1;
			packageReferences = (
				70502B4A2DD78914009E1AC0 /* XCRemoteSwiftPackageReference "firebase-ios-sdk" */,
			);
			preferredProjectObjectVersion = 77;
			productRefGroup = B4C791672DD4A3760086BE80 /* Products */;
			projectDirPath = "";
			projectRoot = "";
			targets = (
				B4C791652DD4A3760086BE80 /* MojiMatch */,
				B4C791762DD4A3770086BE80 /* MojiMatchTests */,
				B4C791802DD4A3770086BE80 /* MojiMatchUITests */,
			);
		};
/* End PBXProject section */

/* Begin PBXResourcesBuildPhase section */
		B4C791642DD4A3760086BE80 /* Resources */ = {
			isa = PBXResourcesBuildPhase;
			buildActionMask = 2147483647;
			files = (
			);
			runOnlyForDeploymentPostprocessing = 0;
		};
		B4C791752DD4A3770086BE80 /* Resources */ = {
			isa = PBXResourcesBuildPhase;
			buildActionMask = 2147483647;
			files = (
			);
			runOnlyForDeploymentPostprocessing = 0;
		};
		B4C7917F2DD4A3770086BE80 /* Resources */ = {
			isa = PBXResourcesBuildPhase;
			buildActionMask = 2147483647;
			files = (
			);
			runOnlyForDeploymentPostprocessing = 0;
		};
/* End PBXResourcesBuildPhase section */

/* Begin PBXSourcesBuildPhase section */
		B4C791622DD4A3760086BE80 /* Sources */ = {
			isa = PBXSourcesBuildPhase;
			buildActionMask = 2147483647;
			files = (
			);
			runOnlyForDeploymentPostprocessing = 0;
		};
		B4C791732DD4A3770086BE80 /* Sources */ = {
			isa = PBXSourcesBuildPhase;
			buildActionMask = 2147483647;
			files = (
			);
			runOnlyForDeploymentPostprocessing = 0;
		};
		B4C7917D2DD4A3770086BE80 /* Sources */ = {
			isa = PBXSourcesBuildPhase;
			buildActionMask = 2147483647;
			files = (
			);
			runOnlyForDeploymentPostprocessing = 0;
		};
/* End PBXSourcesBuildPhase section */

/* Begin PBXTargetDependency section */
		B4C791792DD4A3770086BE80 /* PBXTargetDependency */ = {
			isa = PBXTargetDependency;
			target = B4C791652DD4A3760086BE80 /* MojiMatch */;
			targetProxy = B4C791782DD4A3770086BE80 /* PBXContainerItemProxy */;
		};
		B4C791832DD4A3770086BE80 /* PBXTargetDependency */ = {
			isa = PBXTargetDependency;
			target = B4C791652DD4A3760086BE80 /* MojiMatch */;
			targetProxy = B4C791822DD4A3770086BE80 /* PBXContainerItemProxy */;
		};
/* End PBXTargetDependency section */

/* Begin XCBuildConfiguration section */
		B4C791892DD4A3770086BE80 /* Debug */ = {
			isa = XCBuildConfiguration;
			buildSettings = {
				ALWAYS_SEARCH_USER_PATHS = NO;
				ASSETCATALOG_COMPILER_GENERATE_SWIFT_ASSET_SYMBOL_EXTENSIONS = YES;
				CLANG_ANALYZER_NONNULL = YES;
				CLANG_ANALYZER_NUMBER_OBJECT_CONVERSION = YES_AGGRESSIVE;
				CLANG_CXX_LANGUAGE_STANDARD = "gnu++20";
				CLANG_ENABLE_MODULES = YES;
				CLANG_ENABLE_OBJC_ARC = YES;
				CLANG_ENABLE_OBJC_WEAK = YES;
				CLANG_WARN_BLOCK_CAPTURE_AUTORELEASING = YES;
				CLANG_WARN_BOOL_CONVERSION = YES;
				CLANG_WARN_COMMA = YES;
				CLANG_WARN_CONSTANT_CONVERSION = YES;
				CLANG_WARN_DEPRECATED_OBJC_IMPLEMENTATIONS = YES;
				CLANG_WARN_DIRECT_OBJC_ISA_USAGE = YES_ERROR;
				CLANG_WARN_DOCUMENTATION_COMMENTS = YES;
				CLANG_WARN_EMPTY_BODY = YES;
				CLANG_WARN_ENUM_CONVERSION = YES;
				CLANG_WARN_INFINITE_RECURSION = YES;
				CLANG_WARN_INT_CONVERSION = YES;
				CLANG_WARN_NON_LITERAL_NULL_CONVERSION = YES;
				CLANG_WARN_OBJC_IMPLICIT_RETAIN_SELF = YES;
				CLANG_WARN_OBJC_LITERAL_CONVERSION = YES;
				CLANG_WARN_OBJC_ROOT_CLASS = YES_ERROR;
				CLANG_WARN_QUOTED_INCLUDE_IN_FRAMEWORK_HEADER = YES;
				CLANG_WARN_RANGE_LOOP_ANALYSIS = YES;
				CLANG_WARN_STRICT_PROTOTYPES = YES;
				CLANG_WARN_SUSPICIOUS_MOVE = YES;
				CLANG_WARN_UNGUARDED_AVAILABILITY = YES_AGGRESSIVE;
				CLANG_WARN_UNREACHABLE_CODE = YES;
				CLANG_WARN__DUPLICATE_METHOD_MATCH = YES;
				COPY_PHASE_STRIP = NO;
				DEBUG_INFORMATION_FORMAT = dwarf;
				ENABLE_STRICT_OBJC_MSGSEND = YES;
				ENABLE_TESTABILITY = YES;
				ENABLE_USER_SCRIPT_SANDBOXING = YES;
				GCC_C_LANGUAGE_STANDARD = gnu17;
				GCC_DYNAMIC_NO_PIC = NO;
				GCC_NO_COMMON_BLOCKS = YES;
				GCC_OPTIMIZATION_LEVEL = 0;
				GCC_PREPROCESSOR_DEFINITIONS = (
					"DEBUG=1",
					"$(inherited)",
				);
				GCC_WARN_64_TO_32_BIT_CONVERSION = YES;
				GCC_WARN_ABOUT_RETURN_TYPE = YES_ERROR;
				GCC_WARN_UNDECLARED_SELECTOR = YES;
				GCC_WARN_UNINITIALIZED_AUTOS = YES_AGGRESSIVE;
				GCC_WARN_UNUSED_FUNCTION = YES;
				GCC_WARN_UNUSED_VARIABLE = YES;
				LOCALIZATION_PREFERS_STRING_CATALOGS = YES;
				MTL_ENABLE_DEBUG_INFO = INCLUDE_SOURCE;
				MTL_FAST_MATH = YES;
				ONLY_ACTIVE_ARCH = YES;
				SWIFT_ACTIVE_COMPILATION_CONDITIONS = "DEBUG $(inherited)";
				SWIFT_OPTIMIZATION_LEVEL = "-Onone";
			};
			name = Debug;
		};
		B4C7918A2DD4A3770086BE80 /* Release */ = {
			isa = XCBuildConfiguration;
			buildSettings = {
				ALWAYS_SEARCH_USER_PATHS = NO;
				ASSETCATALOG_COMPILER_GENERATE_SWIFT_ASSET_SYMBOL_EXTENSIONS = YES;
				CLANG_ANALYZER_NONNULL = YES;
				CLANG_ANALYZER_NUMBER_OBJECT_CONVERSION = YES_AGGRESSIVE;
				CLANG_CXX_LANGUAGE_STANDARD = "gnu++20";
				CLANG_ENABLE_MODULES = YES;
				CLANG_ENABLE_OBJC_ARC = YES;
				CLANG_ENABLE_OBJC_WEAK = YES;
				CLANG_WARN_BLOCK_CAPTURE_AUTORELEASING = YES;
				CLANG_WARN_BOOL_CONVERSION = YES;
				CLANG_WARN_COMMA = YES;
				CLANG_WARN_CONSTANT_CONVERSION = YES;
				CLANG_WARN_DEPRECATED_OBJC_IMPLEMENTATIONS = YES;
				CLANG_WARN_DIRECT_OBJC_ISA_USAGE = YES_ERROR;
				CLANG_WARN_DOCUMENTATION_COMMENTS = YES;
				CLANG_WARN_EMPTY_BODY = YES;
				CLANG_WARN_ENUM_CONVERSION = YES;
				CLANG_WARN_INFINITE_RECURSION = YES;
				CLANG_WARN_INT_CONVERSION = YES;
				CLANG_WARN_NON_LITERAL_NULL_CONVERSION = YES;
				CLANG_WARN_OBJC_IMPLICIT_RETAIN_SELF = YES;
				CLANG_WARN_OBJC_LITERAL_CONVERSION = YES;
				CLANG_WARN_OBJC_ROOT_CLASS = YES_ERROR;
				CLANG_WARN_QUOTED_INCLUDE_IN_FRAMEWORK_HEADER = YES;
				CLANG_WARN_RANGE_LOOP_ANALYSIS = YES;
				CLANG_WARN_STRICT_PROTOTYPES = YES;
				CLANG_WARN_SUSPICIOUS_MOVE = YES;
				CLANG_WARN_UNGUARDED_AVAILABILITY = YES_AGGRESSIVE;
				CLANG_WARN_UNREACHABLE_CODE = YES;
				CLANG_WARN__DUPLICATE_METHOD_MATCH = YES;
				COPY_PHASE_STRIP = NO;
				DEBUG_INFORMATION_FORMAT = "dwarf-with-dsym";
				ENABLE_NS_ASSERTIONS = NO;
				ENABLE_STRICT_OBJC_MSGSEND = YES;
				ENABLE_USER_SCRIPT_SANDBOXING = YES;
				GCC_C_LANGUAGE_STANDARD = gnu17;
				GCC_NO_COMMON_BLOCKS = YES;
				GCC_WARN_64_TO_32_BIT_CONVERSION = YES;
				GCC_WARN_ABOUT_RETURN_TYPE = YES_ERROR;
				GCC_WARN_UNDECLARED_SELECTOR = YES;
				GCC_WARN_UNINITIALIZED_AUTOS = YES_AGGRESSIVE;
				GCC_WARN_UNUSED_FUNCTION = YES;
				GCC_WARN_UNUSED_VARIABLE = YES;
				LOCALIZATION_PREFERS_STRING_CATALOGS = YES;
				MTL_ENABLE_DEBUG_INFO = NO;
				MTL_FAST_MATH = YES;
				SWIFT_COMPILATION_MODE = wholemodule;
			};
			name = Release;
		};
		B4C7918C2DD4A3770086BE80 /* Debug */ = {
			isa = XCBuildConfiguration;
			buildSettings = {
				ASSETCATALOG_COMPILER_APPICON_NAME = AppIcon;
				ASSETCATALOG_COMPILER_GLOBAL_ACCENT_COLOR_NAME = AccentColor;
				CODE_SIGN_ENTITLEMENTS = MojiMatch/MojiMatch.entitlements;
				CODE_SIGN_STYLE = Automatic;
				CURRENT_PROJECT_VERSION = 1;
				DEVELOPMENT_ASSET_PATHS = "\"MojiMatch/Preview Content\"";
				ENABLE_PREVIEWS = YES;
				GENERATE_INFOPLIST_FILE = YES;
				"INFOPLIST_KEY_UIApplicationSceneManifest_Generation[sdk=iphoneos*]" = YES;
				"INFOPLIST_KEY_UIApplicationSceneManifest_Generation[sdk=iphonesimulator*]" = YES;
				"INFOPLIST_KEY_UIApplicationSupportsIndirectInputEvents[sdk=iphoneos*]" = YES;
				"INFOPLIST_KEY_UIApplicationSupportsIndirectInputEvents[sdk=iphonesimulator*]" = YES;
				"INFOPLIST_KEY_UILaunchScreen_Generation[sdk=iphoneos*]" = YES;
				"INFOPLIST_KEY_UILaunchScreen_Generation[sdk=iphonesimulator*]" = YES;
				"INFOPLIST_KEY_UIStatusBarStyle[sdk=iphoneos*]" = UIStatusBarStyleDefault;
				"INFOPLIST_KEY_UIStatusBarStyle[sdk=iphonesimulator*]" = UIStatusBarStyleDefault;
				INFOPLIST_KEY_UISupportedInterfaceOrientations_iPad = "UIInterfaceOrientationPortrait UIInterfaceOrientationPortraitUpsideDown UIInterfaceOrientationLandscapeLeft UIInterfaceOrientationLandscapeRight";
				INFOPLIST_KEY_UISupportedInterfaceOrientations_iPhone = "UIInterfaceOrientationPortrait UIInterfaceOrientationLandscapeLeft UIInterfaceOrientationLandscapeRight";
				IPHONEOS_DEPLOYMENT_TARGET = 18.2;
				LD_RUNPATH_SEARCH_PATHS = "@executable_path/Frameworks";
				"LD_RUNPATH_SEARCH_PATHS[sdk=macosx*]" = "@executable_path/../Frameworks";
				MACOSX_DEPLOYMENT_TARGET = 15.1;
				MARKETING_VERSION = 1.0;
				PRODUCT_BUNDLE_IDENTIFIER = BumBaZo.MojiMatch;
				PRODUCT_NAME = "$(TARGET_NAME)";
				SDKROOT = auto;
				SUPPORTED_PLATFORMS = "iphoneos iphonesimulator macosx xros xrsimulator";
				SWIFT_EMIT_LOC_STRINGS = YES;
				SWIFT_VERSION = 5.0;
				TARGETED_DEVICE_FAMILY = "1,2,7";
				XROS_DEPLOYMENT_TARGET = 2.2;
			};
			name = Debug;
		};
		B4C7918D2DD4A3770086BE80 /* Release */ = {
			isa = XCBuildConfiguration;
			buildSettings = {
				ASSETCATALOG_COMPILER_APPICON_NAME = AppIcon;
				ASSETCATALOG_COMPILER_GLOBAL_ACCENT_COLOR_NAME = AccentColor;
				CODE_SIGN_ENTITLEMENTS = MojiMatch/MojiMatch.entitlements;
				CODE_SIGN_STYLE = Automatic;
				CURRENT_PROJECT_VERSION = 1;
				DEVELOPMENT_ASSET_PATHS = "\"MojiMatch/Preview Content\"";
				ENABLE_PREVIEWS = YES;
				GENERATE_INFOPLIST_FILE = YES;
				"INFOPLIST_KEY_UIApplicationSceneManifest_Generation[sdk=iphoneos*]" = YES;
				"INFOPLIST_KEY_UIApplicationSceneManifest_Generation[sdk=iphonesimulator*]" = YES;
				"INFOPLIST_KEY_UIApplicationSupportsIndirectInputEvents[sdk=iphoneos*]" = YES;
				"INFOPLIST_KEY_UIApplicationSupportsIndirectInputEvents[sdk=iphonesimulator*]" = YES;
				"INFOPLIST_KEY_UILaunchScreen_Generation[sdk=iphoneos*]" = YES;
				"INFOPLIST_KEY_UILaunchScreen_Generation[sdk=iphonesimulator*]" = YES;
				"INFOPLIST_KEY_UIStatusBarStyle[sdk=iphoneos*]" = UIStatusBarStyleDefault;
				"INFOPLIST_KEY_UIStatusBarStyle[sdk=iphonesimulator*]" = UIStatusBarStyleDefault;
				INFOPLIST_KEY_UISupportedInterfaceOrientations_iPad = "UIInterfaceOrientationPortrait UIInterfaceOrientationPortraitUpsideDown UIInterfaceOrientationLandscapeLeft UIInterfaceOrientationLandscapeRight";
				INFOPLIST_KEY_UISupportedInterfaceOrientations_iPhone = "UIInterfaceOrientationPortrait UIInterfaceOrientationLandscapeLeft UIInterfaceOrientationLandscapeRight";
				IPHONEOS_DEPLOYMENT_TARGET = 18.2;
				LD_RUNPATH_SEARCH_PATHS = "@executable_path/Frameworks";
				"LD_RUNPATH_SEARCH_PATHS[sdk=macosx*]" = "@executable_path/../Frameworks";
				MACOSX_DEPLOYMENT_TARGET = 15.1;
				MARKETING_VERSION = 1.0;
				PRODUCT_BUNDLE_IDENTIFIER = BumBaZo.MojiMatch;
				PRODUCT_NAME = "$(TARGET_NAME)";
				SDKROOT = auto;
				SUPPORTED_PLATFORMS = "iphoneos iphonesimulator macosx xros xrsimulator";
				SWIFT_EMIT_LOC_STRINGS = YES;
				SWIFT_VERSION = 5.0;
				TARGETED_DEVICE_FAMILY = "1,2,7";
				XROS_DEPLOYMENT_TARGET = 2.2;
			};
			name = Release;
		};
		B4C7918F2DD4A3770086BE80 /* Debug */ = {
			isa = XCBuildConfiguration;
			buildSettings = {
				BUNDLE_LOADER = "$(TEST_HOST)";
				CODE_SIGN_STYLE = Automatic;
				CURRENT_PROJECT_VERSION = 1;
				GENERATE_INFOPLIST_FILE = YES;
				IPHONEOS_DEPLOYMENT_TARGET = 18.2;
				MACOSX_DEPLOYMENT_TARGET = 15.1;
				MARKETING_VERSION = 1.0;
				PRODUCT_BUNDLE_IDENTIFIER = BumBaZo.MojiMatchTests;
				PRODUCT_NAME = "$(TARGET_NAME)";
				SDKROOT = auto;
				SUPPORTED_PLATFORMS = "iphoneos iphonesimulator macosx xros xrsimulator";
				SWIFT_EMIT_LOC_STRINGS = NO;
				SWIFT_VERSION = 5.0;
				TARGETED_DEVICE_FAMILY = "1,2,7";
				TEST_HOST = "$(BUILT_PRODUCTS_DIR)/MojiMatch.app/$(BUNDLE_EXECUTABLE_FOLDER_PATH)/MojiMatch";
				XROS_DEPLOYMENT_TARGET = 2.2;
			};
			name = Debug;
		};
		B4C791902DD4A3770086BE80 /* Release */ = {
			isa = XCBuildConfiguration;
			buildSettings = {
				BUNDLE_LOADER = "$(TEST_HOST)";
				CODE_SIGN_STYLE = Automatic;
				CURRENT_PROJECT_VERSION = 1;
				GENERATE_INFOPLIST_FILE = YES;
				IPHONEOS_DEPLOYMENT_TARGET = 18.2;
				MACOSX_DEPLOYMENT_TARGET = 15.1;
				MARKETING_VERSION = 1.0;
				PRODUCT_BUNDLE_IDENTIFIER = BumBaZo.MojiMatchTests;
				PRODUCT_NAME = "$(TARGET_NAME)";
				SDKROOT = auto;
				SUPPORTED_PLATFORMS = "iphoneos iphonesimulator macosx xros xrsimulator";
				SWIFT_EMIT_LOC_STRINGS = NO;
				SWIFT_VERSION = 5.0;
				TARGETED_DEVICE_FAMILY = "1,2,7";
				TEST_HOST = "$(BUILT_PRODUCTS_DIR)/MojiMatch.app/$(BUNDLE_EXECUTABLE_FOLDER_PATH)/MojiMatch";
				XROS_DEPLOYMENT_TARGET = 2.2;
			};
			name = Release;
		};
		B4C791922DD4A3770086BE80 /* Debug */ = {
			isa = XCBuildConfiguration;
			buildSettings = {
				CODE_SIGN_STYLE = Automatic;
				CURRENT_PROJECT_VERSION = 1;
				GENERATE_INFOPLIST_FILE = YES;
				IPHONEOS_DEPLOYMENT_TARGET = 18.2;
				MACOSX_DEPLOYMENT_TARGET = 15.1;
				MARKETING_VERSION = 1.0;
				PRODUCT_BUNDLE_IDENTIFIER = BumBaZo.MojiMatchUITests;
				PRODUCT_NAME = "$(TARGET_NAME)";
				SDKROOT = auto;
				SUPPORTED_PLATFORMS = "iphoneos iphonesimulator macosx xros xrsimulator";
				SWIFT_EMIT_LOC_STRINGS = NO;
				SWIFT_VERSION = 5.0;
				TARGETED_DEVICE_FAMILY = "1,2,7";
				TEST_TARGET_NAME = MojiMatch;
				XROS_DEPLOYMENT_TARGET = 2.2;
			};
			name = Debug;
		};
		B4C791932DD4A3770086BE80 /* Release */ = {
			isa = XCBuildConfiguration;
			buildSettings = {
				CODE_SIGN_STYLE = Automatic;
				CURRENT_PROJECT_VERSION = 1;
				GENERATE_INFOPLIST_FILE = YES;
				IPHONEOS_DEPLOYMENT_TARGET = 18.2;
				MACOSX_DEPLOYMENT_TARGET = 15.1;
				MARKETING_VERSION = 1.0;
				PRODUCT_BUNDLE_IDENTIFIER = BumBaZo.MojiMatchUITests;
				PRODUCT_NAME = "$(TARGET_NAME)";
				SDKROOT = auto;
				SUPPORTED_PLATFORMS = "iphoneos iphonesimulator macosx xros xrsimulator";
				SWIFT_EMIT_LOC_STRINGS = NO;
				SWIFT_VERSION = 5.0;
				TARGETED_DEVICE_FAMILY = "1,2,7";
				TEST_TARGET_NAME = MojiMatch;
				XROS_DEPLOYMENT_TARGET = 2.2;
			};
			name = Release;
		};
/* End XCBuildConfiguration section */

/* Begin XCConfigurationList section */
		B4C791612DD4A3760086BE80 /* Build configuration list for PBXProject "MojiMatch" */ = {
			isa = XCConfigurationList;
			buildConfigurations = (
				B4C791892DD4A3770086BE80 /* Debug */,
				B4C7918A2DD4A3770086BE80 /* Release */,
			);
			defaultConfigurationIsVisible = 0;
			defaultConfigurationName = Release;
		};
		B4C7918B2DD4A3770086BE80 /* Build configuration list for PBXNativeTarget "MojiMatch" */ = {
			isa = XCConfigurationList;
			buildConfigurations = (
				B4C7918C2DD4A3770086BE80 /* Debug */,
				B4C7918D2DD4A3770086BE80 /* Release */,
			);
			defaultConfigurationIsVisible = 0;
			defaultConfigurationName = Release;
		};
		B4C7918E2DD4A3770086BE80 /* Build configuration list for PBXNativeTarget "MojiMatchTests" */ = {
			isa = XCConfigurationList;
			buildConfigurations = (
				B4C7918F2DD4A3770086BE80 /* Debug */,
				B4C791902DD4A3770086BE80 /* Release */,
			);
			defaultConfigurationIsVisible = 0;
			defaultConfigurationName = Release;
		};
		B4C791912DD4A3770086BE80 /* Build configuration list for PBXNativeTarget "MojiMatchUITests" */ = {
			isa = XCConfigurationList;
			buildConfigurations = (
				B4C791922DD4A3770086BE80 /* Debug */,
				B4C791932DD4A3770086BE80 /* Release */,
			);
			defaultConfigurationIsVisible = 0;
			defaultConfigurationName = Release;
		};
/* End XCConfigurationList section */

/* Begin XCRemoteSwiftPackageReference section */
		70502B4A2DD78914009E1AC0 /* XCRemoteSwiftPackageReference "firebase-ios-sdk" */ = {
			isa = XCRemoteSwiftPackageReference;
			repositoryURL = "https://github.com/firebase/firebase-ios-sdk.git";
			requirement = {
				kind = upToNextMajorVersion;
				minimumVersion = 11.12.0;
			};
		};
/* End XCRemoteSwiftPackageReference section */

/* Begin XCSwiftPackageProductDependency section */
		70502B4B2DD78914009E1AC0 /* FirebaseAuth */ = {
			isa = XCSwiftPackageProductDependency;
			package = 70502B4A2DD78914009E1AC0 /* XCRemoteSwiftPackageReference "firebase-ios-sdk" */;
			productName = FirebaseAuth;
		};
		70502B4D2DD78914009E1AC0 /* FirebaseCore */ = {
			isa = XCSwiftPackageProductDependency;
			package = 70502B4A2DD78914009E1AC0 /* XCRemoteSwiftPackageReference "firebase-ios-sdk" */;
			productName = FirebaseCore;
		};
		70502B4F2DD78914009E1AC0 /* FirebaseDatabase */ = {
			isa = XCSwiftPackageProductDependency;
			package = 70502B4A2DD78914009E1AC0 /* XCRemoteSwiftPackageReference "firebase-ios-sdk" */;
			productName = FirebaseDatabase;
		};
		70502B512DD78914009E1AC0 /* FirebaseFirestore */ = {
			isa = XCSwiftPackageProductDependency;
			package = 70502B4A2DD78914009E1AC0 /* XCRemoteSwiftPackageReference "firebase-ios-sdk" */;
			productName = FirebaseFirestore;
		};
/* End XCSwiftPackageProductDependency section */
	};
	rootObject = B4C7915E2DD4A3760086BE80 /* Project object */;
}
